
Microsoft Visual Studio Solution File, Format Version 12.00
# Visual Studio Version 17
VisualStudioVersion = 17.11.35312.102
MinimumVisualStudioVersion = 10.0.40219.1
Project("{FAE04EC0-301F-11D3-BF4B-00C04F79EFBC}") = "2work", "2work\2work.csproj", "{DB107E23-2285-4393-B5AC-220CFEC05582}"
EndProject
Global
	GlobalSection(SolutionConfigurationPlatforms) = preSolution
		Debug|Any CPU = Debug|Any CPU
		Release|Any CPU = Release|Any CPU
	EndGlobalSection
	GlobalSection(ProjectConfigurationPlatforms) = postSolution
		{DB107E23-2285-4393-B5AC-220CFEC05582}.Debug|Any CPU.ActiveCfg = Debug|Any CPU
		{DB107E23-2285-4393-B5AC-220CFEC05582}.Debug|Any CPU.Build.0 = Debug|Any CPU
		{DB107E23-2285-4393-B5AC-220CFEC05582}.Release|Any CPU.ActiveCfg = Release|Any CPU
		{DB107E23-2285-4393-B5AC-220CFEC05582}.Release|Any CPU.Build.0 = Release|Any CPU
	EndGlobalSection
	GlobalSection(SolutionProperties) = preSolution
		HideSolutionNode = FALSE
	EndGlobalSection
	GlobalSection(ExtensibilityGlobals) = postSolution
		SolutionGuid = {238B69FC-B6AB-4360-A394-B78BF3344B73}
	EndGlobalSection
EndGlobal
